<?xml version="1.0" encoding="utf-8"?>
<Project ToolsVersion="4.0" xmlns="http://schemas.microsoft.com/developer/msbuild/2003">
  <ItemGroup>
    <ClCompile Include="ShapeSprint.cpp" />
    <ClCompile Include="CGameMap.cpp">
      <Filter>Class Source Files</Filter>
    </ClCompile>
    <ClCompile Include="CPlayer.cpp">
      <Filter>Class Source Files</Filter>
    </ClCompile>
    <ClCompile Include="Collisions.cpp">
      <Filter>Class Source Files</Filter>
    </ClCompile>
  </ItemGroup>
  <ItemGroup>
    <None Include="ReadMe.txt" />
  </ItemGroup>
  <ItemGroup>
    <Filter Include="Header Files">
      <UniqueIdentifier>{f267cd67-c41d-4622-9bce-a6155a4902a0}</UniqueIdentifier>
    </Filter>
    <Filter Include="Class Source Files">
      <UniqueIdentifier>{f858dccc-e465-4e14-9aa7-a5b4831c6807}</UniqueIdentifier>
    </Filter>
    <Filter Include="Utility">
      <UniqueIdentifier>{4c884166-e9b0-47f0-a254-2f32c061b9fb}</UniqueIdentifier>
    </Filter>
  </ItemGroup>
  <ItemGroup>
    <ClInclude Include="ControlHeader.h">
      <Filter>Utility</Filter>
    </ClInclude>
    <ClInclude Include="CGameMap.h">
      <Filter>Header Files</Filter>
    </ClInclude>
    <ClInclude Include="CPlayer.h">
      <Filter>Header Files</Filter>
    </ClInclude>
    <ClInclude Include="Collisions.h">
      <Filter>Header Files</Filter>
    </ClInclude>
  </ItemGroup>
  <ItemGroup>
    <Text Include="ShapeTest.txt" />
  </ItemGroup>
</Project>